<?xml version="1.0" encoding="utf-8"?>
<Project ToolsVersion="4.0" xmlns="http://schemas.microsoft.com/developer/msbuild/2003">
  <ItemGroup>
    <Filter Include="Source Files">
      <UniqueIdentifier>{4FC737F1-C7A5-4376-A066-2A32D752A2FF}</UniqueIdentifier>
      <Extensions>cpp;c;cc;cxx;c++;cppm;ixx;def;odl;idl;hpj;bat;asm;asmx</Extensions>
    </Filter>
    <Filter Include="Header Files">
      <UniqueIdentifier>{93995380-89BD-4b04-88EB-625FBE52EBFB}</UniqueIdentifier>
      <Extensions>h;hh;hpp;hxx;h++;hm;inl;inc;ipp;xsd</Extensions>
    </Filter>
    <Filter Include="Header Files\NT">
      <UniqueIdentifier>{843df7b9-fec7-4be5-bb2a-7857b5d0260b}</UniqueIdentifier>
    </Filter>
  </ItemGroup>
  <ItemGroup>
    <ClCompile Include="main.cpp">
      <Filter>Source Files</Filter>
    </ClCompile>
    <ClCompile Include="tools.cpp">
      <Filter>Source Files</Filter>
    </ClCompile>
    <ClCompile Include="pack_file.cpp">
      <Filter>Source Files</Filter>
    </ClCompile>
    <ClCompile Include="huffman_compressor_internal.cpp">
      <Filter>Source Files</Filter>
    </ClCompile>
    <ClCompile Include="huffman_decompressor_stub.cpp">
      <Filter>Source Files</Filter>
    </ClCompile>
    <ClCompile Include="unpacker_stub.cpp">
      <Filter>Source Files</Filter>
    </ClCompile>
  </ItemGroup>
  <ItemGroup>
    <ClInclude Include="pack_file.hpp">
      <Filter>Header Files</Filter>
    </ClInclude>
    <ClInclude Include="huffman_compressor_internal.hpp">
      <Filter>Header Files</Filter>
    </ClInclude>
    <ClInclude Include="nt_defs.h">
      <Filter>Header Files\NT</Filter>
    </ClInclude>
    <ClInclude Include="nt_funcs.h">
      <Filter>Header Files\NT</Filter>
    </ClInclude>
    <ClInclude Include="win_7.h">
      <Filter>Header Files\NT</Filter>
    </ClInclude>
    <ClInclude Include="win_8.h">
      <Filter>Header Files\NT</Filter>
    </ClInclude>
    <ClInclude Include="win_81.h">
      <Filter>Header Files\NT</Filter>
    </ClInclude>
    <ClInclude Include="win_10.h">
      <Filter>Header Files\NT</Filter>
    </ClInclude>
    <ClInclude Include="win_11.h">
      <Filter>Header Files\NT</Filter>
    </ClInclude>
    <ClInclude Include="huffman_decompressor_stub.hpp">
      <Filter>Header Files</Filter>
    </ClInclude>
    <ClInclude Include="unpacker_stub.hpp">
      <Filter>Header Files</Filter>
    </ClInclude>
    <ClInclude Include="tools.hpp">
      <Filter>Header Files</Filter>
    </ClInclude>
    <ClInclude Include="namespaces.hpp">
      <Filter>Header Files</Filter>
    </ClInclude>
    <ClInclude Include="includes.hpp">
      <Filter>Header Files</Filter>
    </ClInclude>
    <ClInclude Include="strings_init.hpp">
      <Filter>Header Files</Filter>
    </ClInclude>
  </ItemGroup>
</Project>